<?xml version="1.0" encoding="utf-8"?>
<Project ToolsVersion="17.0" xmlns="http://schemas.microsoft.com/developer/msbuild/2003">
  <ItemGroup>
    <ClCompile Include="C:\Users\rodoc\HOME\Developpement\Visual\Stipple\Stipple.cpp">
      <Filter>Source Files</Filter>
    </ClCompile>
    <ClCompile Include="C:\Users\rodoc\HOME\Developpement\Visual\Stipple\ImageUtils.cpp">
      <Filter>Source Files</Filter>
    </ClCompile>
  </ItemGroup>
  <ItemGroup>
    <ClInclude Include="C:\Users\rodoc\HOME\Developpement\Visual\Stipple\jc_voronoi.h">
      <Filter>Header Files</Filter>
    </ClInclude>
    <ClInclude Include="C:\Users\rodoc\HOME\Developpement\Visual\Stipple\jc_voronoi_clip.h">
      <Filter>Header Files</Filter>
    </ClInclude>
  </ItemGroup>
  <ItemGroup>
    <CustomBuild Include="C:\Users\rodoc\HOME\Developpement\Visual\Stipple\CMakeLists.txt" />
  </ItemGroup>
  <ItemGroup>
    <Filter Include="Header Files">
      <UniqueIdentifier>{28F7C5D2-97DF-397D-BC7C-1A830812F715}</UniqueIdentifier>
    </Filter>
    <Filter Include="Source Files">
      <UniqueIdentifier>{6B732C7B-6071-3C3D-B6F2-03BB08F96E13}</UniqueIdentifier>
    </Filter>
  </ItemGroup>
</Project>
